
Microsoft Visual Studio Solution File, Format Version 10.00
# Visual Studio 2008
Project("{FAE04EC0-301F-11D3-BF4B-00C04F79EFBC}") = "towersmash", "towersmash.csproj", "{D4FAEB55-4F51-4EDA-822E-A9E0C95D62D2}"
EndProject
Project("{FAE04EC0-301F-11D3-BF4B-00C04F79EFBC}") = "FarseerPhysicsXBOX", "..\Farseer Physics 2.1.3 Xbox360\FarseerPhysicsXBOX.csproj", "{A2A3E945-A5C7-4637-8AB1-EED383CB17F0}"
EndProject
Project("{FAE04EC0-301F-11D3-BF4B-00C04F79EFBC}") = "FarseerPhysicsXNA", "..\Farseer Physics 2.1.3 XNA\FarseerPhysicsXNA.csproj", "{3CA74E02-3210-4BF8-85E9-024E9AD6F18D}"
EndProject
Project("{FAE04EC0-301F-11D3-BF4B-00C04F79EFBC}") = "Xbox 360 Copy of towersmash", "Xbox 360 Copy of towersmash.csproj", "{37C6C056-C2E6-4CEE-9CA2-078225A5CEB1}"
EndProject
Project("{FAE04EC0-301F-11D3-BF4B-00C04F79EFBC}") = "ProjectMercury.Windows", "..\ProjectMercury.Windows\ProjectMercury.Windows.csproj", "{1E3FDDBD-A15F-42CF-A83E-754476079B30}"
EndProject
Project("{FAE04EC0-301F-11D3-BF4B-00C04F79EFBC}") = "ProjectMercury.Xbox", "..\ProjectMercury.Xbox\ProjectMercury.Xbox.csproj", "{C3B4F513-2BB0-4F9F-82B7-E5C6B8822D0E}"
EndProject
Global
	GlobalSection(SolutionConfigurationPlatforms) = preSolution
		Debug|Any CPU = Debug|Any CPU
		Debug|Mixed Platforms = Debug|Mixed Platforms
		Debug|x86 = Debug|x86
		Debug|Xbox 360 = Debug|Xbox 360
		Reference|Any CPU = Reference|Any CPU
		Reference|Mixed Platforms = Reference|Mixed Platforms
		Reference|x86 = Reference|x86
		Reference|Xbox 360 = Reference|Xbox 360
		Release|Any CPU = Release|Any CPU
		Release|Mixed Platforms = Release|Mixed Platforms
		Release|x86 = Release|x86
		Release|Xbox 360 = Release|Xbox 360
	EndGlobalSection
	GlobalSection(ProjectConfigurationPlatforms) = postSolution
		{D4FAEB55-4F51-4EDA-822E-A9E0C95D62D2}.Debug|Any CPU.ActiveCfg = Debug|x86
		{D4FAEB55-4F51-4EDA-822E-A9E0C95D62D2}.Debug|Mixed Platforms.ActiveCfg = Debug|x86
		{D4FAEB55-4F51-4EDA-822E-A9E0C95D62D2}.Debug|Mixed Platforms.Build.0 = Debug|x86
		{D4FAEB55-4F51-4EDA-822E-A9E0C95D62D2}.Debug|x86.ActiveCfg = Debug|x86
		{D4FAEB55-4F51-4EDA-822E-A9E0C95D62D2}.Debug|x86.Build.0 = Debug|x86
		{D4FAEB55-4F51-4EDA-822E-A9E0C95D62D2}.Debug|Xbox 360.ActiveCfg = Debug|x86
		{D4FAEB55-4F51-4EDA-822E-A9E0C95D62D2}.Debug|Xbox 360.Build.0 = Debug|x86
		{D4FAEB55-4F51-4EDA-822E-A9E0C95D62D2}.Reference|Any CPU.ActiveCfg = Release|x86
		{D4FAEB55-4F51-4EDA-822E-A9E0C95D62D2}.Reference|Mixed Platforms.ActiveCfg = Release|x86
		{D4FAEB55-4F51-4EDA-822E-A9E0C95D62D2}.Reference|Mixed Platforms.Build.0 = Release|x86
		{D4FAEB55-4F51-4EDA-822E-A9E0C95D62D2}.Reference|x86.ActiveCfg = Release|x86
		{D4FAEB55-4F51-4EDA-822E-A9E0C95D62D2}.Reference|x86.Build.0 = Release|x86
		{D4FAEB55-4F51-4EDA-822E-A9E0C95D62D2}.Reference|Xbox 360.ActiveCfg = Release|x86
		{D4FAEB55-4F51-4EDA-822E-A9E0C95D62D2}.Release|Any CPU.ActiveCfg = Release|x86
		{D4FAEB55-4F51-4EDA-822E-A9E0C95D62D2}.Release|Mixed Platforms.ActiveCfg = Release|x86
		{D4FAEB55-4F51-4EDA-822E-A9E0C95D62D2}.Release|Mixed Platforms.Build.0 = Release|x86
		{D4FAEB55-4F51-4EDA-822E-A9E0C95D62D2}.Release|x86.ActiveCfg = Release|x86
		{D4FAEB55-4F51-4EDA-822E-A9E0C95D62D2}.Release|x86.Build.0 = Release|x86
		{D4FAEB55-4F51-4EDA-822E-A9E0C95D62D2}.Release|Xbox 360.ActiveCfg = Release|x86
		{A2A3E945-A5C7-4637-8AB1-EED383CB17F0}.Debug|Any CPU.ActiveCfg = Debug|Xbox 360
		{A2A3E945-A5C7-4637-8AB1-EED383CB17F0}.Debug|Mixed Platforms.ActiveCfg = Debug|Xbox 360
		{A2A3E945-A5C7-4637-8AB1-EED383CB17F0}.Debug|Mixed Platforms.Build.0 = Debug|Xbox 360
		{A2A3E945-A5C7-4637-8AB1-EED383CB17F0}.Debug|x86.ActiveCfg = Debug|Xbox 360
		{A2A3E945-A5C7-4637-8AB1-EED383CB17F0}.Debug|Xbox 360.ActiveCfg = Debug|Xbox 360
		{A2A3E945-A5C7-4637-8AB1-EED383CB17F0}.Debug|Xbox 360.Build.0 = Debug|Xbox 360
		{A2A3E945-A5C7-4637-8AB1-EED383CB17F0}.Reference|Any CPU.ActiveCfg = Release|Xbox 360
		{A2A3E945-A5C7-4637-8AB1-EED383CB17F0}.Reference|Mixed Platforms.ActiveCfg = Release|Xbox 360
		{A2A3E945-A5C7-4637-8AB1-EED383CB17F0}.Reference|Mixed Platforms.Build.0 = Release|Xbox 360
		{A2A3E945-A5C7-4637-8AB1-EED383CB17F0}.Reference|x86.ActiveCfg = Release|Xbox 360
		{A2A3E945-A5C7-4637-8AB1-EED383CB17F0}.Reference|Xbox 360.ActiveCfg = Release|Xbox 360
		{A2A3E945-A5C7-4637-8AB1-EED383CB17F0}.Reference|Xbox 360.Build.0 = Release|Xbox 360
		{A2A3E945-A5C7-4637-8AB1-EED383CB17F0}.Release|Any CPU.ActiveCfg = Release|Xbox 360
		{A2A3E945-A5C7-4637-8AB1-EED383CB17F0}.Release|Mixed Platforms.ActiveCfg = Release|Xbox 360
		{A2A3E945-A5C7-4637-8AB1-EED383CB17F0}.Release|Mixed Platforms.Build.0 = Release|Xbox 360
		{A2A3E945-A5C7-4637-8AB1-EED383CB17F0}.Release|x86.ActiveCfg = Release|Xbox 360
		{A2A3E945-A5C7-4637-8AB1-EED383CB17F0}.Release|Xbox 360.ActiveCfg = Release|Xbox 360
		{A2A3E945-A5C7-4637-8AB1-EED383CB17F0}.Release|Xbox 360.Build.0 = Release|Xbox 360
		{3CA74E02-3210-4BF8-85E9-024E9AD6F18D}.Debug|Any CPU.ActiveCfg = Debug|x86
		{3CA74E02-3210-4BF8-85E9-024E9AD6F18D}.Debug|Mixed Platforms.ActiveCfg = Debug|x86
		{3CA74E02-3210-4BF8-85E9-024E9AD6F18D}.Debug|Mixed Platforms.Build.0 = Debug|x86
		{3CA74E02-3210-4BF8-85E9-024E9AD6F18D}.Debug|x86.ActiveCfg = Debug|x86
		{3CA74E02-3210-4BF8-85E9-024E9AD6F18D}.Debug|x86.Build.0 = Debug|x86
		{3CA74E02-3210-4BF8-85E9-024E9AD6F18D}.Debug|Xbox 360.ActiveCfg = Debug|x86
		{3CA74E02-3210-4BF8-85E9-024E9AD6F18D}.Debug|Xbox 360.Build.0 = Debug|x86
		{3CA74E02-3210-4BF8-85E9-024E9AD6F18D}.Reference|Any CPU.ActiveCfg = Release|x86
		{3CA74E02-3210-4BF8-85E9-024E9AD6F18D}.Reference|Mixed Platforms.ActiveCfg = Release|x86
		{3CA74E02-3210-4BF8-85E9-024E9AD6F18D}.Reference|Mixed Platforms.Build.0 = Release|x86
		{3CA74E02-3210-4BF8-85E9-024E9AD6F18D}.Reference|x86.ActiveCfg = Release|x86
		{3CA74E02-3210-4BF8-85E9-024E9AD6F18D}.Reference|x86.Build.0 = Release|x86
		{3CA74E02-3210-4BF8-85E9-024E9AD6F18D}.Reference|Xbox 360.ActiveCfg = Release|x86
		{3CA74E02-3210-4BF8-85E9-024E9AD6F18D}.Release|Any CPU.ActiveCfg = Release|x86
		{3CA74E02-3210-4BF8-85E9-024E9AD6F18D}.Release|Mixed Platforms.ActiveCfg = Release|x86
		{3CA74E02-3210-4BF8-85E9-024E9AD6F18D}.Release|Mixed Platforms.Build.0 = Release|x86
		{3CA74E02-3210-4BF8-85E9-024E9AD6F18D}.Release|x86.ActiveCfg = Release|x86
		{3CA74E02-3210-4BF8-85E9-024E9AD6F18D}.Release|x86.Build.0 = Release|x86
		{3CA74E02-3210-4BF8-85E9-024E9AD6F18D}.Release|Xbox 360.ActiveCfg = Release|x86
		{37C6C056-C2E6-4CEE-9CA2-078225A5CEB1}.Debug|Any CPU.ActiveCfg = Debug|Xbox 360
		{37C6C056-C2E6-4CEE-9CA2-078225A5CEB1}.Debug|Mixed Platforms.ActiveCfg = Debug|Xbox 360
		{37C6C056-C2E6-4CEE-9CA2-078225A5CEB1}.Debug|Mixed Platforms.Build.0 = Debug|Xbox 360
		{37C6C056-C2E6-4CEE-9CA2-078225A5CEB1}.Debug|Mixed Platforms.Deploy.0 = Debug|Xbox 360
		{37C6C056-C2E6-4CEE-9CA2-078225A5CEB1}.Debug|x86.ActiveCfg = Debug|Xbox 360
		{37C6C056-C2E6-4CEE-9CA2-078225A5CEB1}.Debug|Xbox 360.ActiveCfg = Debug|Xbox 360
		{37C6C056-C2E6-4CEE-9CA2-078225A5CEB1}.Debug|Xbox 360.Build.0 = Debug|Xbox 360
		{37C6C056-C2E6-4CEE-9CA2-078225A5CEB1}.Debug|Xbox 360.Deploy.0 = Debug|Xbox 360
		{37C6C056-C2E6-4CEE-9CA2-078225A5CEB1}.Reference|Any CPU.ActiveCfg = Release|Xbox 360
		{37C6C056-C2E6-4CEE-9CA2-078225A5CEB1}.Reference|Mixed Platforms.ActiveCfg = Release|Xbox 360
		{37C6C056-C2E6-4CEE-9CA2-078225A5CEB1}.Reference|Mixed Platforms.Build.0 = Release|Xbox 360
		{37C6C056-C2E6-4CEE-9CA2-078225A5CEB1}.Reference|Mixed Platforms.Deploy.0 = Release|Xbox 360
		{37C6C056-C2E6-4CEE-9CA2-078225A5CEB1}.Reference|x86.ActiveCfg = Release|Xbox 360
		{37C6C056-C2E6-4CEE-9CA2-078225A5CEB1}.Reference|Xbox 360.ActiveCfg = Release|Xbox 360
		{37C6C056-C2E6-4CEE-9CA2-078225A5CEB1}.Reference|Xbox 360.Build.0 = Release|Xbox 360
		{37C6C056-C2E6-4CEE-9CA2-078225A5CEB1}.Reference|Xbox 360.Deploy.0 = Release|Xbox 360
		{37C6C056-C2E6-4CEE-9CA2-078225A5CEB1}.Release|Any CPU.ActiveCfg = Release|Xbox 360
		{37C6C056-C2E6-4CEE-9CA2-078225A5CEB1}.Release|Mixed Platforms.ActiveCfg = Release|Xbox 360
		{37C6C056-C2E6-4CEE-9CA2-078225A5CEB1}.Release|Mixed Platforms.Build.0 = Release|Xbox 360
		{37C6C056-C2E6-4CEE-9CA2-078225A5CEB1}.Release|Mixed Platforms.Deploy.0 = Release|Xbox 360
		{37C6C056-C2E6-4CEE-9CA2-078225A5CEB1}.Release|x86.ActiveCfg = Release|Xbox 360
		{37C6C056-C2E6-4CEE-9CA2-078225A5CEB1}.Release|Xbox 360.ActiveCfg = Release|Xbox 360
		{37C6C056-C2E6-4CEE-9CA2-078225A5CEB1}.Release|Xbox 360.Build.0 = Release|Xbox 360
		{37C6C056-C2E6-4CEE-9CA2-078225A5CEB1}.Release|Xbox 360.Deploy.0 = Release|Xbox 360
		{1E3FDDBD-A15F-42CF-A83E-754476079B30}.Debug|Any CPU.ActiveCfg = Debug|x86
		{1E3FDDBD-A15F-42CF-A83E-754476079B30}.Debug|Mixed Platforms.ActiveCfg = Debug|x86
		{1E3FDDBD-A15F-42CF-A83E-754476079B30}.Debug|Mixed Platforms.Build.0 = Debug|x86
		{1E3FDDBD-A15F-42CF-A83E-754476079B30}.Debug|x86.ActiveCfg = Debug|x86
		{1E3FDDBD-A15F-42CF-A83E-754476079B30}.Debug|x86.Build.0 = Debug|x86
		{1E3FDDBD-A15F-42CF-A83E-754476079B30}.Debug|Xbox 360.ActiveCfg = Debug|x86
		{1E3FDDBD-A15F-42CF-A83E-754476079B30}.Debug|Xbox 360.Build.0 = Debug|x86
		{1E3FDDBD-A15F-42CF-A83E-754476079B30}.Reference|Any CPU.ActiveCfg = Reference|x86
		{1E3FDDBD-A15F-42CF-A83E-754476079B30}.Reference|Mixed Platforms.ActiveCfg = Reference|x86
		{1E3FDDBD-A15F-42CF-A83E-754476079B30}.Reference|Mixed Platforms.Build.0 = Reference|x86
		{1E3FDDBD-A15F-42CF-A83E-754476079B30}.Reference|x86.ActiveCfg = Reference|x86
		{1E3FDDBD-A15F-42CF-A83E-754476079B30}.Reference|x86.Build.0 = Reference|x86
		{1E3FDDBD-A15F-42CF-A83E-754476079B30}.Reference|Xbox 360.ActiveCfg = Reference|x86
		{1E3FDDBD-A15F-42CF-A83E-754476079B30}.Release|Any CPU.ActiveCfg = Release|x86
		{1E3FDDBD-A15F-42CF-A83E-754476079B30}.Release|Mixed Platforms.ActiveCfg = Release|x86
		{1E3FDDBD-A15F-42CF-A83E-754476079B30}.Release|Mixed Platforms.Build.0 = Release|x86
		{1E3FDDBD-A15F-42CF-A83E-754476079B30}.Release|x86.ActiveCfg = Release|x86
		{1E3FDDBD-A15F-42CF-A83E-754476079B30}.Release|x86.Build.0 = Release|x86
		{1E3FDDBD-A15F-42CF-A83E-754476079B30}.Release|Xbox 360.ActiveCfg = Release|x86
		{C3B4F513-2BB0-4F9F-82B7-E5C6B8822D0E}.Debug|Any CPU.ActiveCfg = Debug|Xbox 360
		{C3B4F513-2BB0-4F9F-82B7-E5C6B8822D0E}.Debug|Mixed Platforms.ActiveCfg = Debug|Xbox 360
		{C3B4F513-2BB0-4F9F-82B7-E5C6B8822D0E}.Debug|Mixed Platforms.Build.0 = Debug|Xbox 360
		{C3B4F513-2BB0-4F9F-82B7-E5C6B8822D0E}.Debug|x86.ActiveCfg = Debug|Xbox 360
		{C3B4F513-2BB0-4F9F-82B7-E5C6B8822D0E}.Debug|Xbox 360.ActiveCfg = Debug|Xbox 360
		{C3B4F513-2BB0-4F9F-82B7-E5C6B8822D0E}.Debug|Xbox 360.Build.0 = Debug|Xbox 360
		{C3B4F513-2BB0-4F9F-82B7-E5C6B8822D0E}.Reference|Any CPU.ActiveCfg = Reference|Xbox 360
		{C3B4F513-2BB0-4F9F-82B7-E5C6B8822D0E}.Reference|Mixed Platforms.ActiveCfg = Reference|Xbox 360
		{C3B4F513-2BB0-4F9F-82B7-E5C6B8822D0E}.Reference|Mixed Platforms.Build.0 = Reference|Xbox 360
		{C3B4F513-2BB0-4F9F-82B7-E5C6B8822D0E}.Reference|x86.ActiveCfg = Reference|Xbox 360
		{C3B4F513-2BB0-4F9F-82B7-E5C6B8822D0E}.Reference|Xbox 360.ActiveCfg = Reference|Xbox 360
		{C3B4F513-2BB0-4F9F-82B7-E5C6B8822D0E}.Reference|Xbox 360.Build.0 = Reference|Xbox 360
		{C3B4F513-2BB0-4F9F-82B7-E5C6B8822D0E}.Release|Any CPU.ActiveCfg = Release|Xbox 360
		{C3B4F513-2BB0-4F9F-82B7-E5C6B8822D0E}.Release|Mixed Platforms.ActiveCfg = Release|Xbox 360
		{C3B4F513-2BB0-4F9F-82B7-E5C6B8822D0E}.Release|Mixed Platforms.Build.0 = Release|Xbox 360
		{C3B4F513-2BB0-4F9F-82B7-E5C6B8822D0E}.Release|x86.ActiveCfg = Release|Xbox 360
		{C3B4F513-2BB0-4F9F-82B7-E5C6B8822D0E}.Release|Xbox 360.ActiveCfg = Release|Xbox 360
		{C3B4F513-2BB0-4F9F-82B7-E5C6B8822D0E}.Release|Xbox 360.Build.0 = Release|Xbox 360
		{AEBFA799-448E-4036-A63F-BD966A3AB0F8}.Debug|Any CPU.ActiveCfg = Debug|x86
		{AEBFA799-448E-4036-A63F-BD966A3AB0F8}.Debug|Mixed Platforms.ActiveCfg = Debug|x86
		{AEBFA799-448E-4036-A63F-BD966A3AB0F8}.Debug|x86.ActiveCfg = Debug|x86
		{AEBFA799-448E-4036-A63F-BD966A3AB0F8}.Debug|Xbox 360.ActiveCfg = Debug|x86
		{AEBFA799-448E-4036-A63F-BD966A3AB0F8}.Reference|Any CPU.ActiveCfg = Release|x86
		{AEBFA799-448E-4036-A63F-BD966A3AB0F8}.Reference|Mixed Platforms.ActiveCfg = Release|x86
		{AEBFA799-448E-4036-A63F-BD966A3AB0F8}.Reference|x86.ActiveCfg = Release|x86
		{AEBFA799-448E-4036-A63F-BD966A3AB0F8}.Reference|Xbox 360.ActiveCfg = Release|x86
		{AEBFA799-448E-4036-A63F-BD966A3AB0F8}.Release|Any CPU.ActiveCfg = Release|x86
		{AEBFA799-448E-4036-A63F-BD966A3AB0F8}.Release|Mixed Platforms.ActiveCfg = Release|x86
		{AEBFA799-448E-4036-A63F-BD966A3AB0F8}.Release|x86.ActiveCfg = Release|x86
		{AEBFA799-448E-4036-A63F-BD966A3AB0F8}.Release|Xbox 360.ActiveCfg = Release|x86
		{5DB75E98-A054-4091-AB49-F5DB0F17F771}.Debug|Any CPU.ActiveCfg = Debug|x86
		{5DB75E98-A054-4091-AB49-F5DB0F17F771}.Debug|Mixed Platforms.ActiveCfg = Debug|x86
		{5DB75E98-A054-4091-AB49-F5DB0F17F771}.Debug|x86.ActiveCfg = Debug|x86
		{5DB75E98-A054-4091-AB49-F5DB0F17F771}.Debug|Xbox 360.ActiveCfg = Debug|x86
		{5DB75E98-A054-4091-AB49-F5DB0F17F771}.Reference|Any CPU.ActiveCfg = Release|x86
		{5DB75E98-A054-4091-AB49-F5DB0F17F771}.Reference|Mixed Platforms.ActiveCfg = Release|x86
		{5DB75E98-A054-4091-AB49-F5DB0F17F771}.Reference|x86.ActiveCfg = Release|x86
		{5DB75E98-A054-4091-AB49-F5DB0F17F771}.Reference|Xbox 360.ActiveCfg = Release|x86
		{5DB75E98-A054-4091-AB49-F5DB0F17F771}.Release|Any CPU.ActiveCfg = Release|x86
		{5DB75E98-A054-4091-AB49-F5DB0F17F771}.Release|Mixed Platforms.ActiveCfg = Release|x86
		{5DB75E98-A054-4091-AB49-F5DB0F17F771}.Release|x86.ActiveCfg = Release|x86
		{5DB75E98-A054-4091-AB49-F5DB0F17F771}.Release|Xbox 360.ActiveCfg = Release|x86
		{590D3DBF-6735-48FE-986F-D1EB17084CC1}.Debug|Any CPU.ActiveCfg = Debug|x86
		{590D3DBF-6735-48FE-986F-D1EB17084CC1}.Debug|Mixed Platforms.ActiveCfg = Debug|x86
		{590D3DBF-6735-48FE-986F-D1EB17084CC1}.Debug|x86.ActiveCfg = Debug|x86
		{590D3DBF-6735-48FE-986F-D1EB17084CC1}.Debug|Xbox 360.ActiveCfg = Debug|x86
		{590D3DBF-6735-48FE-986F-D1EB17084CC1}.Reference|Any CPU.ActiveCfg = Release|x86
		{590D3DBF-6735-48FE-986F-D1EB17084CC1}.Reference|Mixed Platforms.ActiveCfg = Release|x86
		{590D3DBF-6735-48FE-986F-D1EB17084CC1}.Reference|x86.ActiveCfg = Release|x86
		{590D3DBF-6735-48FE-986F-D1EB17084CC1}.Reference|Xbox 360.ActiveCfg = Release|x86
		{590D3DBF-6735-48FE-986F-D1EB17084CC1}.Release|Any CPU.ActiveCfg = Release|x86
		{590D3DBF-6735-48FE-986F-D1EB17084CC1}.Release|Mixed Platforms.ActiveCfg = Release|x86
		{590D3DBF-6735-48FE-986F-D1EB17084CC1}.Release|x86.ActiveCfg = Release|x86
		{590D3DBF-6735-48FE-986F-D1EB17084CC1}.Release|Xbox 360.ActiveCfg = Release|x86
		{5438014F-5389-462A-88A1-E84923A79DA2}.Debug|Any CPU.ActiveCfg = Debug|x86
		{5438014F-5389-462A-88A1-E84923A79DA2}.Debug|Mixed Platforms.ActiveCfg = Debug|x86
		{5438014F-5389-462A-88A1-E84923A79DA2}.Debug|x86.ActiveCfg = Debug|x86
		{5438014F-5389-462A-88A1-E84923A79DA2}.Debug|Xbox 360.ActiveCfg = Debug|x86
		{5438014F-5389-462A-88A1-E84923A79DA2}.Reference|Any CPU.ActiveCfg = Reference|x86
		{5438014F-5389-462A-88A1-E84923A79DA2}.Reference|Mixed Platforms.ActiveCfg = Reference|x86
		{5438014F-5389-462A-88A1-E84923A79DA2}.Reference|x86.ActiveCfg = Reference|x86
		{5438014F-5389-462A-88A1-E84923A79DA2}.Reference|Xbox 360.ActiveCfg = Reference|x86
		{5438014F-5389-462A-88A1-E84923A79DA2}.Release|Any CPU.ActiveCfg = Release|x86
		{5438014F-5389-462A-88A1-E84923A79DA2}.Release|Mixed Platforms.ActiveCfg = Release|x86
		{5438014F-5389-462A-88A1-E84923A79DA2}.Release|x86.ActiveCfg = Release|x86
		{5438014F-5389-462A-88A1-E84923A79DA2}.Release|Xbox 360.ActiveCfg = Release|x86
		{9F898134-4337-4707-BD79-5D9FAC3678E7}.Debug|Any CPU.ActiveCfg = Debug|Xbox 360
		{9F898134-4337-4707-BD79-5D9FAC3678E7}.Debug|Mixed Platforms.ActiveCfg = Debug|Xbox 360
		{9F898134-4337-4707-BD79-5D9FAC3678E7}.Debug|x86.ActiveCfg = Debug|Xbox 360
		{9F898134-4337-4707-BD79-5D9FAC3678E7}.Debug|Xbox 360.ActiveCfg = Debug|Xbox 360
		{9F898134-4337-4707-BD79-5D9FAC3678E7}.Reference|Any CPU.ActiveCfg = Reference|Xbox 360
		{9F898134-4337-4707-BD79-5D9FAC3678E7}.Reference|Mixed Platforms.ActiveCfg = Reference|Xbox 360
		{9F898134-4337-4707-BD79-5D9FAC3678E7}.Reference|x86.ActiveCfg = Reference|Xbox 360
		{9F898134-4337-4707-BD79-5D9FAC3678E7}.Reference|Xbox 360.ActiveCfg = Reference|Xbox 360
		{9F898134-4337-4707-BD79-5D9FAC3678E7}.Release|Any CPU.ActiveCfg = Release|Xbox 360
		{9F898134-4337-4707-BD79-5D9FAC3678E7}.Release|Mixed Platforms.ActiveCfg = Release|Xbox 360
		{9F898134-4337-4707-BD79-5D9FAC3678E7}.Release|x86.ActiveCfg = Release|Xbox 360
		{9F898134-4337-4707-BD79-5D9FAC3678E7}.Release|Xbox 360.ActiveCfg = Release|Xbox 360
	EndGlobalSection
	GlobalSection(SolutionProperties) = preSolution
		HideSolutionNode = FALSE
	EndGlobalSection
EndGlobal
